# This file is generated by running "yarn install" inside your project.
# Manual changes might be lost - proceed with caution!

__metadata:
  version: 8
  cacheKey: 10c0

"@rescript/core@npm:^1.0.0":
  version: 1.0.0
  resolution: "@rescript/core@npm:1.0.0"
  peerDependencies:
    rescript: ">=11.0.0 || ^11.1.0-rc.2"
  checksum: 10c0/8ff2e8ac937e0b2700637a3d68ec0930667850fc2196a9a595fe8d6896abf143faafc5244bfc9a9abe48739fb43d3359ba7ec15edc241dee0be5e97b66cece2d
  languageName: node
  linkType: hard

"practice-tool-rescript@workspace:.":
  version: 0.0.0-use.local
  resolution: "practice-tool-rescript@workspace:."
  dependencies:
    "@rescript/core": "npm:^1.0.0"
    rescript: "npm:^11.0.1"
  languageName: unknown
  linkType: soft

"rescript@npm:^11.0.1":
  version: 11.0.1
  resolution: "rescript@npm:11.0.1"
  bin:
    bsc: bsc
    bstracing: lib/bstracing
    rescript: rescript
  checksum: 10c0/a37dc757a14c57a15fe75a12df52f3d564cc6ef5cacc8356fe70a7d4ab9692736c0fbb56456dff090d8b5b18935a09aed066c623e6764f4c76bed61187e611b7
  languageName: node
  linkType: hard
